
Microsoft Visual Studio Solution File, Format Version 12.00
# Visual Studio Version 16
VisualStudioVersion = 16.0.30611.23
MinimumVisualStudioVersion = 10.0.40219.1
Project("{FAE04EC0-301F-11D3-BF4B-00C04F79EFBC}") = "Zapirtan_Andrei_Lab2", "Zapirtan_Andrei_Lab2\Zapirtan_Andrei_Lab2.csproj", "{8F4FACF1-1322-49BC-BE5B-5BA60B4D88CE}"
EndProject
Global
	GlobalSection(SolutionConfigurationPlatforms) = preSolution
		Debug|Any CPU = Debug|Any CPU
		Release|Any CPU = Release|Any CPU
	EndGlobalSection
	GlobalSection(ProjectConfigurationPlatforms) = postSolution
		{8F4FACF1-1322-49BC-BE5B-5BA60B4D88CE}.Debug|Any CPU.ActiveCfg = Debug|Any CPU
		{8F4FACF1-1322-49BC-BE5B-5BA60B4D88CE}.Debug|Any CPU.Build.0 = Debug|Any CPU
		{8F4FACF1-1322-49BC-BE5B-5BA60B4D88CE}.Release|Any CPU.ActiveCfg = Release|Any CPU
		{8F4FACF1-1322-49BC-BE5B-5BA60B4D88CE}.Release|Any CPU.Build.0 = Release|Any CPU
	EndGlobalSection
	GlobalSection(SolutionProperties) = preSolution
		HideSolutionNode = FALSE
	EndGlobalSection
	GlobalSection(ExtensibilityGlobals) = postSolution
		SolutionGuid = {E98E80AA-67BA-46EF-A494-B31B8356D924}
	EndGlobalSection
EndGlobal
